
Microsoft Visual Studio Solution File, Format Version 12.00
# Visual Studio Version 17
VisualStudioVersion = 17.0.32112.339
MinimumVisualStudioVersion = 10.0.40219.1
Project("{9A19103F-16F7-4668-BE54-9A1E7A4F7556}") = "prototype.domain", "prototype.domain\prototype.domain.csproj", "{6B0ECF4A-148F-4EE3-A78D-0ACA1C97D472}"
EndProject
Project("{9A19103F-16F7-4668-BE54-9A1E7A4F7556}") = "prototype.Application", "prototype.Application\prototype.Application.csproj", "{28349C29-9B3E-451F-BA77-0B1F6CBE7A1C}"
EndProject
Project("{9A19103F-16F7-4668-BE54-9A1E7A4F7556}") = "prototype.infrastructure", "prototype.infrastructure\prototype.infrastructure.csproj", "{2853706D-E8AF-47E1-B064-D858CA3ECD4C}"
EndProject
Project("{9A19103F-16F7-4668-BE54-9A1E7A4F7556}") = "prototype.api", "prototype.api\prototype.api.csproj", "{8721207F-FA89-4C8C-8DDF-E7895075EE8C}"
EndProject
Global
	GlobalSection(SolutionConfigurationPlatforms) = preSolution
		Debug|Any CPU = Debug|Any CPU
		Release|Any CPU = Release|Any CPU
	EndGlobalSection
	GlobalSection(ProjectConfigurationPlatforms) = postSolution
		{6B0ECF4A-148F-4EE3-A78D-0ACA1C97D472}.Debug|Any CPU.ActiveCfg = Debug|Any CPU
		{6B0ECF4A-148F-4EE3-A78D-0ACA1C97D472}.Debug|Any CPU.Build.0 = Debug|Any CPU
		{6B0ECF4A-148F-4EE3-A78D-0ACA1C97D472}.Release|Any CPU.ActiveCfg = Release|Any CPU
		{6B0ECF4A-148F-4EE3-A78D-0ACA1C97D472}.Release|Any CPU.Build.0 = Release|Any CPU
		{28349C29-9B3E-451F-BA77-0B1F6CBE7A1C}.Debug|Any CPU.ActiveCfg = Debug|Any CPU
		{28349C29-9B3E-451F-BA77-0B1F6CBE7A1C}.Debug|Any CPU.Build.0 = Debug|Any CPU
		{28349C29-9B3E-451F-BA77-0B1F6CBE7A1C}.Release|Any CPU.ActiveCfg = Release|Any CPU
		{28349C29-9B3E-451F-BA77-0B1F6CBE7A1C}.Release|Any CPU.Build.0 = Release|Any CPU
		{2853706D-E8AF-47E1-B064-D858CA3ECD4C}.Debug|Any CPU.ActiveCfg = Debug|Any CPU
		{2853706D-E8AF-47E1-B064-D858CA3ECD4C}.Debug|Any CPU.Build.0 = Debug|Any CPU
		{2853706D-E8AF-47E1-B064-D858CA3ECD4C}.Release|Any CPU.ActiveCfg = Release|Any CPU
		{2853706D-E8AF-47E1-B064-D858CA3ECD4C}.Release|Any CPU.Build.0 = Release|Any CPU
		{8721207F-FA89-4C8C-8DDF-E7895075EE8C}.Debug|Any CPU.ActiveCfg = Debug|Any CPU
		{8721207F-FA89-4C8C-8DDF-E7895075EE8C}.Debug|Any CPU.Build.0 = Debug|Any CPU
		{8721207F-FA89-4C8C-8DDF-E7895075EE8C}.Release|Any CPU.ActiveCfg = Release|Any CPU
		{8721207F-FA89-4C8C-8DDF-E7895075EE8C}.Release|Any CPU.Build.0 = Release|Any CPU
	EndGlobalSection
	GlobalSection(SolutionProperties) = preSolution
		HideSolutionNode = FALSE
	EndGlobalSection
	GlobalSection(ExtensibilityGlobals) = postSolution
		SolutionGuid = {DF3716EA-06E8-4CF6-ABE5-53EC15D520C8}
	EndGlobalSection
EndGlobal
